{
	"name": "@kloudlib/utils",
	"version": "0.1.0",
	"lockfileVersion": 1,
	"requires": true,
	"dependencies": {
		"@kloudlib/abstractions": {
			"version": "0.1.1",
			"resolved": "https://nexus.blitzm.io/repository/npm/@kloudlib/abstractions/-/abstractions-0.1.1.tgz",
			"integrity": "sha512-5HhV8e+zNe895mKfIQ89HRarBVBMe7Q7ZpUsNyoq5ABkYD9hWl/iIqSTfIgI5N3Y8aXgNQbVgoyI3kMiYeg8tw=="
		},
		"typescript": {
			"version": "3.8.3",
			"resolved": "https://registry.npmjs.org/typescript/-/typescript-3.8.3.tgz",
			"integrity": "sha512-MYlEfn5VrLNsgudQTVJeNaQFUAI7DkhnOjdpAp4T+ku1TfQClewlbSuTVHiA+8skNBgaf02TL/kLOvig4y3G8w==",
			"dev": true
		}
	}
}
